
Microsoft Visual Studio Solution File, Format Version 12.00
# Visual Studio Version 17
VisualStudioVersion = 17.13.35825.156 d17.13
MinimumVisualStudioVersion = 10.0.40219.1
Project("{FAE04EC0-301F-11D3-BF4B-00C04F79EFBC}") = "lab2", "lab2\lab2.csproj", "{A1C9E2CA-76B1-4459-8CEC-5E51BCA8D3B1}"
EndProject
Global
	GlobalSection(SolutionConfigurationPlatforms) = preSolution
		Debug|Any CPU = Debug|Any CPU
		Release|Any CPU = Release|Any CPU
	EndGlobalSection
	GlobalSection(ProjectConfigurationPlatforms) = postSolution
		{A1C9E2CA-76B1-4459-8CEC-5E51BCA8D3B1}.Debug|Any CPU.ActiveCfg = Debug|Any CPU
		{A1C9E2CA-76B1-4459-8CEC-5E51BCA8D3B1}.Debug|Any CPU.Build.0 = Debug|Any CPU
		{A1C9E2CA-76B1-4459-8CEC-5E51BCA8D3B1}.Release|Any CPU.ActiveCfg = Release|Any CPU
		{A1C9E2CA-76B1-4459-8CEC-5E51BCA8D3B1}.Release|Any CPU.Build.0 = Release|Any CPU
	EndGlobalSection
	GlobalSection(SolutionProperties) = preSolution
		HideSolutionNode = FALSE
	EndGlobalSection
	GlobalSection(ExtensibilityGlobals) = postSolution
		SolutionGuid = {AF04ED4E-F870-40B0-9888-4EC8E81D5BC4}
	EndGlobalSection
EndGlobal
