
Microsoft Visual Studio Solution File, Format Version 12.00
# Visual Studio Version 17
VisualStudioVersion = 17.11.35327.3
MinimumVisualStudioVersion = 10.0.40219.1
Project("{FAE04EC0-301F-11D3-BF4B-00C04F79EFBC}") = "ChainOfResponsibility", "ChainOfResponsibility\ChainOfResponsibility.csproj", "{6FE1E90E-3810-4DFF-AC87-F6C62F95C926}"
EndProject
Global
	GlobalSection(SolutionConfigurationPlatforms) = preSolution
		Debug|Any CPU = Debug|Any CPU
		Release|Any CPU = Release|Any CPU
	EndGlobalSection
	GlobalSection(ProjectConfigurationPlatforms) = postSolution
		{6FE1E90E-3810-4DFF-AC87-F6C62F95C926}.Debug|Any CPU.ActiveCfg = Debug|Any CPU
		{6FE1E90E-3810-4DFF-AC87-F6C62F95C926}.Debug|Any CPU.Build.0 = Debug|Any CPU
		{6FE1E90E-3810-4DFF-AC87-F6C62F95C926}.Release|Any CPU.ActiveCfg = Release|Any CPU
		{6FE1E90E-3810-4DFF-AC87-F6C62F95C926}.Release|Any CPU.Build.0 = Release|Any CPU
	EndGlobalSection
	GlobalSection(SolutionProperties) = preSolution
		HideSolutionNode = FALSE
	EndGlobalSection
	GlobalSection(ExtensibilityGlobals) = postSolution
		SolutionGuid = {52028D65-46B4-486A-9375-B1FF075E9401}
	EndGlobalSection
EndGlobal
